{
  "name": "y",
  "version": "1.0.0",
  "lockfileVersion": 3,
  "requires": true,
  "packages": {
    "": {
      "name": "y",
      "version": "1.0.0",
      "license": "ISC",
      "dependencies": {
        "@theatre/studio": "^0.6.0",
        "gsap": "^3.11.5",
        "lil-gui": "^0.18.1",
        "theatre": "^0.2.3",
        "three": "^0.151.3"
      }
    },
    "node_modules/@theatre/dataverse": {
      "version": "0.6.0",
      "resolved": "https://registry.npmjs.org/@theatre/dataverse/-/dataverse-0.6.0.tgz",
      "integrity": "sha512-1W7b8bQTZeRmmrY64HTQzEtjLJWBmdOkfK/liR+LSSjgAylY3CjZ4/vaDUMmRQr4zCeQjyNVmrvwaIZ/33s+tQ==",
      "dependencies": {
        "lodash-es": "^4.17.21"
      }
    },
    "node_modules/@theatre/studio": {
      "version": "0.6.0",
      "resolved": "https://registry.npmjs.org/@theatre/studio/-/studio-0.6.0.tgz",
      "integrity": "sha512-DH53wWSkIDevbYJUybLH5nIx+rFgiWlykYOmDKC9WK9QUQFYRpnaBu4UNIo+RmGZ+I2ZMSHx1RfrfnBJCr1j6A==",
      "dependencies": {
        "@theatre/dataverse": "0.6.0"
      },
      "peerDependencies": {
        "@theatre/core": "*"
      }
    },
    "node_modules/gsap": {
      "version": "3.11.5",
      "resolved": "https://registry.npmjs.org/gsap/-/gsap-3.11.5.tgz",
      "integrity": "sha512-Q89nKCLgoX5xUjznh9LcaIUkz54k1voNucT1Rpf9SJNFIQznBwFqt5qUUQbeVInFyN/n18OUJkpeI6CNEDt74w=="
    },
    "node_modules/lil-gui": {
      "version": "0.18.1",
      "resolved": "https://registry.npmjs.org/lil-gui/-/lil-gui-0.18.1.tgz",
      "integrity": "sha512-nsDJLflFGro81hcGqaiDNBEKgkMKNF9okmMmW3Xc6sPXP1zyfD3oIftyctvBQD2iTIUgWDw6CuME1IQZD+OvLw=="
    },
    "node_modules/lodash-es": {
      "version": "4.17.21",
      "resolved": "https://registry.npmjs.org/lodash-es/-/lodash-es-4.17.21.tgz",
      "integrity": "sha512-mKnC+QJ9pWVzv+C4/U3rRsHapFfHvQFoFB92e52xeyGMcX6/OlIl78je1u8vePzYZSkkogMPJ2yjxxsb89cxyw=="
    },
    "node_modules/theatre": {
      "version": "0.2.3",
      "resolved": "https://registry.npmjs.org/theatre/-/theatre-0.2.3.tgz",
      "integrity": "sha512-h8P1KByzEyUJDgF3aeA7FNatchPKi3zhd9noRzTFtOZkkmTRUuZsT/VMKsg4O3BdHVf+iHAwDOAK0EycNyE+fQ=="
    },
    "node_modules/three": {
      "version": "0.151.3",
      "resolved": "https://registry.npmjs.org/three/-/three-0.151.3.tgz",
      "integrity": "sha512-+vbuqxFy8kzLeO5MgpBHUvP/EAiecaDwDuOPPDe6SbrZr96kccF0ktLngXc7xA7bzyd3N0t2f6mw3Z9y6JCojQ=="
    }
  }
}
